
Microsoft Visual Studio Solution File, Format Version 12.00
# Visual Studio Version 17
VisualStudioVersion = 17.7.34031.279
MinimumVisualStudioVersion = 10.0.40219.1
Project("{FAE04EC0-301F-11D3-BF4B-00C04F79EFBC}") = "SampleEmulatorTry", "SampleEmulatorTry\SampleEmulatorTry.csproj", "{B7E8A3CD-826E-4248-8756-F0ACA0CFEC62}"
EndProject
Global
	GlobalSection(SolutionConfigurationPlatforms) = preSolution
		Debug|Any CPU = Debug|Any CPU
		Release|Any CPU = Release|Any CPU
	EndGlobalSection
	GlobalSection(ProjectConfigurationPlatforms) = postSolution
		{B7E8A3CD-826E-4248-8756-F0ACA0CFEC62}.Debug|Any CPU.ActiveCfg = Debug|Any CPU
		{B7E8A3CD-826E-4248-8756-F0ACA0CFEC62}.Debug|Any CPU.Build.0 = Debug|Any CPU
		{B7E8A3CD-826E-4248-8756-F0ACA0CFEC62}.Release|Any CPU.ActiveCfg = Release|Any CPU
		{B7E8A3CD-826E-4248-8756-F0ACA0CFEC62}.Release|Any CPU.Build.0 = Release|Any CPU
	EndGlobalSection
	GlobalSection(SolutionProperties) = preSolution
		HideSolutionNode = FALSE
	EndGlobalSection
	GlobalSection(ExtensibilityGlobals) = postSolution
		SolutionGuid = {8A9EF16D-2562-4E4A-8A6A-EF98658ED93A}
	EndGlobalSection
EndGlobal
